PODS:
  - Alamofire (1.1.4)
  - AsakusaSatellite (0.0.1):
    - Alamofire (~> 1.1)
    - SwiftyJSON (~> 2.1)
  - SwiftyJSON (2.1.3)

DEPENDENCIES:
  - AsakusaSatellite (from `../`)

EXTERNAL SOURCES:
  AsakusaSatellite:
    :path: ../

SPEC CHECKSUMS:
  Alamofire: 524225da382071ee3e6d0badd0ee4b4dc36740de
  AsakusaSatellite: f10b3e38d4e59280849039d1fe807269f8d15591
  SwiftyJSON: 48be7490a3989a58a3f511cd54167f0a2b466e76

COCOAPODS: 0.36.0.rc.1
