PODS:
  - Alamofire (1.1.4)
  - AsakusaSatellite (0.0.1):
    - Alamofire (~> 1.1)
    - Socket.IO-Client-Swift (~> 1.1)
    - SwiftyJSON (~> 2.1)
  - Socket.IO-Client-Swift (1.1.4)
  - SwiftyJSON (2.1.3)

DEPENDENCIES:
  - AsakusaSatellite (from `../`)

EXTERNAL SOURCES:
  AsakusaSatellite:
    :path: ../

SPEC CHECKSUMS:
  Alamofire: 524225da382071ee3e6d0badd0ee4b4dc36740de
  AsakusaSatellite: 499c3117a42e276856fbd04608e38d40718b1c71
  Socket.IO-Client-Swift: 23d9f0db0cdcb98623486ddf0ee811b158e9cd02
  SwiftyJSON: 48be7490a3989a58a3f511cd54167f0a2b466e76

COCOAPODS: 0.36.0
