// !$*UTF8*$!
{
	archiveVersion = 1;
	classes = {
	};
	objectVersion = 46;
	objects = {

/* Begin PBXBuildFile section */
		516A534F0071FDCB1989782E /* Pods_AsakusaSatelliteSwiftClientExampleTests.framework in Frameworks */ = {isa = PBXBuildFile; fileRef = FBF4EECD3DFCD570AC26A43C /* Pods_AsakusaSatelliteSwiftClientExampleTests.framework */; settings = {ATTRIBUTES = (Weak, ); }; };
		6E03A3223AD96CC55F8EF0B1 /* Pods.framework in Frameworks */ = {isa = PBXBuildFile; fileRef = 15FC971CE7671698F92EDF0A /* Pods.framework */; settings = {ATTRIBUTES = (Weak, ); }; };
		EA5BCA7D1B5CAC0C00F52F8D /* messages.json in Resources */ = {isa = PBXBuildFile; fileRef = EA5BCA7B1B5CAA2300F52F8D /* messages.json */; };
		EAAC354F1B5C9516002FEE0C /* MessageSpec.swift in Sources */ = {isa = PBXBuildFile; fileRef = EAAC354E1B5C9516002FEE0C /* MessageSpec.swift */; };
		EAAC35511B5C95A9002FEE0C /* message.json in Resources */ = {isa = PBXBuildFile; fileRef = EAAC35501B5C95A9002FEE0C /* message.json */; };
		EACFD2B61AA2B24C007B868A /* AppDelegate.swift in Sources */ = {isa = PBXBuildFile; fileRef = EACFD2B51AA2B24C007B868A /* AppDelegate.swift */; };
		EACFD2B81AA2B24C007B868A /* ViewController.swift in Sources */ = {isa = PBXBuildFile; fileRef = EACFD2B71AA2B24C007B868A /* ViewController.swift */; };
		EACFD2BD1AA2B24C007B868A /* Images.xcassets in Resources */ = {isa = PBXBuildFile; fileRef = EACFD2BC1AA2B24C007B868A /* Images.xcassets */; };
		EACFD2C01AA2B24C007B868A /* LaunchScreen.xib in Resources */ = {isa = PBXBuildFile; fileRef = EACFD2BE1AA2B24C007B868A /* LaunchScreen.xib */; };
/* End PBXBuildFile section */

/* Begin PBXContainerItemProxy section */
		EACFD2C61AA2B24C007B868A /* PBXContainerItemProxy */ = {
			isa = PBXContainerItemProxy;
			containerPortal = EACFD2A81AA2B24C007B868A /* Project object */;
			proxyType = 1;
			remoteGlobalIDString = EACFD2AF1AA2B24C007B868A;
			remoteInfo = AsakusaSatelliteSwiftClientExample;
		};
/* End PBXContainerItemProxy section */

/* Begin PBXFileReference section */
		15FC971CE7671698F92EDF0A /* Pods.framework */ = {isa = PBXFileReference; explicitFileType = wrapper.framework; includeInIndex = 0; path = Pods.framework; sourceTree = BUILT_PRODUCTS_DIR; };
		935A45A83B7280E29CDD6A11 /* Pods.release.xcconfig */ = {isa = PBXFileReference; includeInIndex = 1; lastKnownFileType = text.xcconfig; name = Pods.release.xcconfig; path = "Pods/Target Support Files/Pods/Pods.release.xcconfig"; sourceTree = "<group>"; };
		DA8F3718884EA3638F6FCEC5 /* Pods.debug.xcconfig */ = {isa = PBXFileReference; includeInIndex = 1; lastKnownFileType = text.xcconfig; name = Pods.debug.xcconfig; path = "Pods/Target Support Files/Pods/Pods.debug.xcconfig"; sourceTree = "<group>"; };
		EA5BCA7B1B5CAA2300F52F8D /* messages.json */ = {isa = PBXFileReference; fileEncoding = 4; lastKnownFileType = text.json; path = messages.json; sourceTree = "<group>"; };
		EAAC354E1B5C9516002FEE0C /* MessageSpec.swift */ = {isa = PBXFileReference; fileEncoding = 4; lastKnownFileType = sourcecode.swift; path = MessageSpec.swift; sourceTree = "<group>"; };
		EAAC35501B5C95A9002FEE0C /* message.json */ = {isa = PBXFileReference; fileEncoding = 4; lastKnownFileType = text.json; path = message.json; sourceTree = "<group>"; };
		EACD53DF1ABAF23A0071FC5A /* AsakusaSatellite.playground */ = {isa = PBXFileReference; lastKnownFileType = file.playground; path = AsakusaSatellite.playground; sourceTree = "<group>"; };
		EACFD2B01AA2B24C007B868A /* AsakusaSatelliteSwiftClientExample.app */ = {isa = PBXFileReference; explicitFileType = wrapper.application; includeInIndex = 0; path = AsakusaSatelliteSwiftClientExample.app; sourceTree = BUILT_PRODUCTS_DIR; };
		EACFD2B41AA2B24C007B868A /* Info.plist */ = {isa = PBXFileReference; lastKnownFileType = text.plist.xml; path = Info.plist; sourceTree = "<group>"; };
		EACFD2B51AA2B24C007B868A /* AppDelegate.swift */ = {isa = PBXFileReference; lastKnownFileType = sourcecode.swift; path = AppDelegate.swift; sourceTree = "<group>"; };
		EACFD2B71AA2B24C007B868A /* ViewController.swift */ = {isa = PBXFileReference; lastKnownFileType = sourcecode.swift; path = ViewController.swift; sourceTree = "<group>"; };
		EACFD2BC1AA2B24C007B868A /* Images.xcassets */ = {isa = PBXFileReference; lastKnownFileType = folder.assetcatalog; path = Images.xcassets; sourceTree = "<group>"; };
		EACFD2BF1AA2B24C007B868A /* Base */ = {isa = PBXFileReference; lastKnownFileType = file.xib; name = Base; path = Base.lproj/LaunchScreen.xib; sourceTree = "<group>"; };
		EACFD2C51AA2B24C007B868A /* AsakusaSatelliteSwiftClientExampleTests.xctest */ = {isa = PBXFileReference; explicitFileType = wrapper.cfbundle; includeInIndex = 0; path = AsakusaSatelliteSwiftClientExampleTests.xctest; sourceTree = BUILT_PRODUCTS_DIR; };
		EACFD2CA1AA2B24C007B868A /* Info.plist */ = {isa = PBXFileReference; lastKnownFileType = text.plist.xml; path = Info.plist; sourceTree = "<group>"; };
		EAE1AA531B5C917D002E9D25 /* Pods-AsakusaSatelliteSwiftClientExampleTests.debug.xcconfig */ = {isa = PBXFileReference; lastKnownFileType = text.xcconfig; name = "Pods-AsakusaSatelliteSwiftClientExampleTests.debug.xcconfig"; path = "Pods/Target Support Files/Pods-AsakusaSatelliteSwiftClientExampleTests/Pods-AsakusaSatelliteSwiftClientExampleTests.debug.xcconfig"; sourceTree = "<group>"; };
		EAE1AA541B5C917D002E9D25 /* Pods-AsakusaSatelliteSwiftClientExampleTests.release.xcconfig */ = {isa = PBXFileReference; lastKnownFileType = text.xcconfig; name = "Pods-AsakusaSatelliteSwiftClientExampleTests.release.xcconfig"; path = "Pods/Target Support Files/Pods-AsakusaSatelliteSwiftClientExampleTests/Pods-AsakusaSatelliteSwiftClientExampleTests.release.xcconfig"; sourceTree = "<group>"; };
		FBF4EECD3DFCD570AC26A43C /* Pods_AsakusaSatelliteSwiftClientExampleTests.framework */ = {isa = PBXFileReference; explicitFileType = wrapper.framework; includeInIndex = 0; path = Pods_AsakusaSatelliteSwiftClientExampleTests.framework; sourceTree = BUILT_PRODUCTS_DIR; };
/* End PBXFileReference section */

/* Begin PBXFrameworksBuildPhase section */
		EACFD2AD1AA2B24C007B868A /* Frameworks */ = {
			isa = PBXFrameworksBuildPhase;
			buildActionMask = 2147483647;
			files = (
				6E03A3223AD96CC55F8EF0B1 /* Pods.framework in Frameworks */,
			);
			runOnlyForDeploymentPostprocessing = 0;
		};
		EACFD2C21AA2B24C007B868A /* Frameworks */ = {
			isa = PBXFrameworksBuildPhase;
			buildActionMask = 2147483647;
			files = (
				516A534F0071FDCB1989782E /* Pods_AsakusaSatelliteSwiftClientExampleTests.framework in Frameworks */,
			);
			runOnlyForDeploymentPostprocessing = 0;
		};
/* End PBXFrameworksBuildPhase section */

/* Begin PBXGroup section */
		5B32F2E31C1D48E1C2B581EB /* Pods */ = {
			isa = PBXGroup;
			children = (
				DA8F3718884EA3638F6FCEC5 /* Pods.debug.xcconfig */,
				935A45A83B7280E29CDD6A11 /* Pods.release.xcconfig */,
				EAE1AA531B5C917D002E9D25 /* Pods-AsakusaSatelliteSwiftClientExampleTests.debug.xcconfig */,
				EAE1AA541B5C917D002E9D25 /* Pods-AsakusaSatelliteSwiftClientExampleTests.release.xcconfig */,
			);
			name = Pods;
			sourceTree = "<group>";
		};
		607234655832E9E1EB2CFC3E /* Frameworks */ = {
			isa = PBXGroup;
			children = (
				15FC971CE7671698F92EDF0A /* Pods.framework */,
				FBF4EECD3DFCD570AC26A43C /* Pods_AsakusaSatelliteSwiftClientExampleTests.framework */,
			);
			name = Frameworks;
			sourceTree = "<group>";
		};
		EACFD2A71AA2B24C007B868A = {
			isa = PBXGroup;
			children = (
				EACD53DF1ABAF23A0071FC5A /* AsakusaSatellite.playground */,
				EACFD2B21AA2B24C007B868A /* ExampleApp */,
				EACFD2C81AA2B24C007B868A /* ExampleTests */,
				EACFD2B11AA2B24C007B868A /* Products */,
				607234655832E9E1EB2CFC3E /* Frameworks */,
				5B32F2E31C1D48E1C2B581EB /* Pods */,
			);
			sourceTree = "<group>";
		};
		EACFD2B11AA2B24C007B868A /* Products */ = {
			isa = PBXGroup;
			children = (
				EACFD2B01AA2B24C007B868A /* AsakusaSatelliteSwiftClientExample.app */,
				EACFD2C51AA2B24C007B868A /* AsakusaSatelliteSwiftClientExampleTests.xctest */,
			);
			name = Products;
			sourceTree = "<group>";
		};
		EACFD2B21AA2B24C007B868A /* ExampleApp */ = {
			isa = PBXGroup;
			children = (
				EACFD2B51AA2B24C007B868A /* AppDelegate.swift */,
				EACFD2B71AA2B24C007B868A /* ViewController.swift */,
				EACFD2BC1AA2B24C007B868A /* Images.xcassets */,
				EACFD2BE1AA2B24C007B868A /* LaunchScreen.xib */,
				EACFD2B31AA2B24C007B868A /* Supporting Files */,
			);
			name = ExampleApp;
			path = AsakusaSatelliteSwiftClientExample;
			sourceTree = "<group>";
		};
		EACFD2B31AA2B24C007B868A /* Supporting Files */ = {
			isa = PBXGroup;
			children = (
				EACFD2B41AA2B24C007B868A /* Info.plist */,
			);
			name = "Supporting Files";
			sourceTree = "<group>";
		};
		EACFD2C81AA2B24C007B868A /* ExampleTests */ = {
			isa = PBXGroup;
			children = (
				EAAC354E1B5C9516002FEE0C /* MessageSpec.swift */,
				EAAC35501B5C95A9002FEE0C /* message.json */,
				EA5BCA7B1B5CAA2300F52F8D /* messages.json */,
				EACFD2C91AA2B24C007B868A /* Supporting Files */,
			);
			name = ExampleTests;
			path = AsakusaSatelliteSwiftClientExampleTests;
			sourceTree = "<group>";
		};
		EACFD2C91AA2B24C007B868A /* Supporting Files */ = {
			isa = PBXGroup;
			children = (
				EACFD2CA1AA2B24C007B868A /* Info.plist */,
			);
			name = "Supporting Files";
			sourceTree = "<group>";
		};
/* End PBXGroup section */

/* Begin PBXNativeTarget section */
		EACFD2AF1AA2B24C007B868A /* AsakusaSatelliteSwiftClientExample */ = {
			isa = PBXNativeTarget;
			buildConfigurationList = EACFD2CF1AA2B24C007B868A /* Build configuration list for PBXNativeTarget "AsakusaSatelliteSwiftClientExample" */;
			buildPhases = (
				36E42EAD9A42F04097D23619 /* Check Pods Manifest.lock */,
				EACFD2AC1AA2B24C007B868A /* Sources */,
				EACFD2AD1AA2B24C007B868A /* Frameworks */,
				EACFD2AE1AA2B24C007B868A /* Resources */,
				C29999373E87CE0A092609D9 /* Embed Pods Frameworks */,
				E5ADE226496B6F7EFEB1E28F /* Copy Pods Resources */,
			);
			buildRules = (
			);
			dependencies = (
			);
			name = AsakusaSatelliteSwiftClientExample;
			productName = AsakusaSatelliteSwiftClientExample;
			productReference = EACFD2B01AA2B24C007B868A /* AsakusaSatelliteSwiftClientExample.app */;
			productType = "com.apple.product-type.application";
		};
		EACFD2C41AA2B24C007B868A /* AsakusaSatelliteSwiftClientExampleTests */ = {
			isa = PBXNativeTarget;
			buildConfigurationList = EACFD2D21AA2B24C007B868A /* Build configuration list for PBXNativeTarget "AsakusaSatelliteSwiftClientExampleTests" */;
			buildPhases = (
				56226F780DF9102C9A327937 /* Check Pods Manifest.lock */,
				EACFD2C11AA2B24C007B868A /* Sources */,
				EACFD2C21AA2B24C007B868A /* Frameworks */,
				EACFD2C31AA2B24C007B868A /* Resources */,
				4F490C5B9FD7159A05E6EF6C /* Embed Pods Frameworks */,
				126556C0E2FC5C800163C382 /* Copy Pods Resources */,
			);
			buildRules = (
			);
			dependencies = (
				EACFD2C71AA2B24C007B868A /* PBXTargetDependency */,
			);
			name = AsakusaSatelliteSwiftClientExampleTests;
			productName = AsakusaSatelliteSwiftClientExampleTests;
			productReference = EACFD2C51AA2B24C007B868A /* AsakusaSatelliteSwiftClientExampleTests.xctest */;
			productType = "com.apple.product-type.bundle.unit-test";
		};
/* End PBXNativeTarget section */

/* Begin PBXProject section */
		EACFD2A81AA2B24C007B868A /* Project object */ = {
			isa = PBXProject;
			attributes = {
				LastSwiftUpdateCheck = 0700;
				LastUpgradeCheck = 0700;
				ORGANIZATIONNAME = codefirst;
				TargetAttributes = {
					EACFD2AF1AA2B24C007B868A = {
						CreatedOnToolsVersion = 6.1.1;
					};
					EACFD2C41AA2B24C007B868A = {
						CreatedOnToolsVersion = 6.1.1;
					};
				};
			};
			buildConfigurationList = EACFD2AB1AA2B24C007B868A /* Build configuration list for PBXProject "AsakusaSatelliteSwiftClientExample" */;
			compatibilityVersion = "Xcode 3.2";
			developmentRegion = English;
			hasScannedForEncodings = 0;
			knownRegions = (
				en,
				Base,
			);
			mainGroup = EACFD2A71AA2B24C007B868A;
			productRefGroup = EACFD2B11AA2B24C007B868A /* Products */;
			projectDirPath = "";
			projectRoot = "";
			targets = (
				EACFD2AF1AA2B24C007B868A /* AsakusaSatelliteSwiftClientExample */,
				EACFD2C41AA2B24C007B868A /* AsakusaSatelliteSwiftClientExampleTests */,
			);
		};
/* End PBXProject section */

/* Begin PBXResourcesBuildPhase section */
		EACFD2AE1AA2B24C007B868A /* Resources */ = {
			isa = PBXResourcesBuildPhase;
			buildActionMask = 2147483647;
			files = (
				EACFD2C01AA2B24C007B868A /* LaunchScreen.xib in Resources */,
				EACFD2BD1AA2B24C007B868A /* Images.xcassets in Resources */,
			);
			runOnlyForDeploymentPostprocessing = 0;
		};
		EACFD2C31AA2B24C007B868A /* Resources */ = {
			isa = PBXResourcesBuildPhase;
			buildActionMask = 2147483647;
			files = (
				EAAC35511B5C95A9002FEE0C /* message.json in Resources */,
				EA5BCA7D1B5CAC0C00F52F8D /* messages.json in Resources */,
			);
			runOnlyForDeploymentPostprocessing = 0;
		};
/* End PBXResourcesBuildPhase section */

/* Begin PBXShellScriptBuildPhase section */
		126556C0E2FC5C800163C382 /* Copy Pods Resources */ = {
			isa = PBXShellScriptBuildPhase;
			buildActionMask = 2147483647;
			files = (
			);
			inputPaths = (
			);
			name = "Copy Pods Resources";
			outputPaths = (
			);
			runOnlyForDeploymentPostprocessing = 0;
			shellPath = /bin/sh;
			shellScript = "\"${SRCROOT}/Pods/Target Support Files/Pods-AsakusaSatelliteSwiftClientExampleTests/Pods-AsakusaSatelliteSwiftClientExampleTests-resources.sh\"\n";
			showEnvVarsInLog = 0;
		};
		36E42EAD9A42F04097D23619 /* Check Pods Manifest.lock */ = {
			isa = PBXShellScriptBuildPhase;
			buildActionMask = 2147483647;
			files = (
			);
			inputPaths = (
			);
			name = "Check Pods Manifest.lock";
			outputPaths = (
			);
			runOnlyForDeploymentPostprocessing = 0;
			shellPath = /bin/sh;
			shellScript = "diff \"${PODS_ROOT}/../Podfile.lock\" \"${PODS_ROOT}/Manifest.lock\" > /dev/null\nif [[ $? != 0 ]] ; then\n    cat << EOM\nerror: The sandbox is not in sync with the Podfile.lock. Run 'pod install' or update your CocoaPods installation.\nEOM\n    exit 1\nfi\n";
			showEnvVarsInLog = 0;
		};
		4F490C5B9FD7159A05E6EF6C /* Embed Pods Frameworks */ = {
			isa = PBXShellScriptBuildPhase;
			buildActionMask = 2147483647;
			files = (
			);
			inputPaths = (
			);
			name = "Embed Pods Frameworks";
			outputPaths = (
			);
			runOnlyForDeploymentPostprocessing = 0;
			shellPath = /bin/sh;
			shellScript = "\"${SRCROOT}/Pods/Target Support Files/Pods-AsakusaSatelliteSwiftClientExampleTests/Pods-AsakusaSatelliteSwiftClientExampleTests-frameworks.sh\"\n";
			showEnvVarsInLog = 0;
		};
		56226F780DF9102C9A327937 /* Check Pods Manifest.lock */ = {
			isa = PBXShellScriptBuildPhase;
			buildActionMask = 2147483647;
			files = (
			);
			inputPaths = (
			);
			name = "Check Pods Manifest.lock";
			outputPaths = (
			);
			runOnlyForDeploymentPostprocessing = 0;
			shellPath = /bin/sh;
			shellScript = "diff \"${PODS_ROOT}/../Podfile.lock\" \"${PODS_ROOT}/Manifest.lock\" > /dev/null\nif [[ $? != 0 ]] ; then\n    cat << EOM\nerror: The sandbox is not in sync with the Podfile.lock. Run 'pod install' or update your CocoaPods installation.\nEOM\n    exit 1\nfi\n";
			showEnvVarsInLog = 0;
		};
		C29999373E87CE0A092609D9 /* Embed Pods Frameworks */ = {
			isa = PBXShellScriptBuildPhase;
			buildActionMask = 2147483647;
			files = (
			);
			inputPaths = (
			);
			name = "Embed Pods Frameworks";
			outputPaths = (
			);
			runOnlyForDeploymentPostprocessing = 0;
			shellPath = /bin/sh;
			shellScript = "\"${SRCROOT}/Pods/Target Support Files/Pods/Pods-frameworks.sh\"\n";
			showEnvVarsInLog = 0;
		};
		E5ADE226496B6F7EFEB1E28F /* Copy Pods Resources */ = {
			isa = PBXShellScriptBuildPhase;
			buildActionMask = 2147483647;
			files = (
			);
			inputPaths = (
			);
			name = "Copy Pods Resources";
			outputPaths = (
			);
			runOnlyForDeploymentPostprocessing = 0;
			shellPath = /bin/sh;
			shellScript = "\"${SRCROOT}/Pods/Target Support Files/Pods/Pods-resources.sh\"\n";
			showEnvVarsInLog = 0;
		};
/* End PBXShellScriptBuildPhase section */

/* Begin PBXSourcesBuildPhase section */
		EACFD2AC1AA2B24C007B868A /* Sources */ = {
			isa = PBXSourcesBuildPhase;
			buildActionMask = 2147483647;
			files = (
				EACFD2B81AA2B24C007B868A /* ViewController.swift in Sources */,
				EACFD2B61AA2B24C007B868A /* AppDelegate.swift in Sources */,
			);
			runOnlyForDeploymentPostprocessing = 0;
		};
		EACFD2C11AA2B24C007B868A /* Sources */ = {
			isa = PBXSourcesBuildPhase;
			buildActionMask = 2147483647;
			files = (
				EAAC354F1B5C9516002FEE0C /* MessageSpec.swift in Sources */,
			);
			runOnlyForDeploymentPostprocessing = 0;
		};
/* End PBXSourcesBuildPhase section */

/* Begin PBXTargetDependency section */
		EACFD2C71AA2B24C007B868A /* PBXTargetDependency */ = {
			isa = PBXTargetDependency;
			target = EACFD2AF1AA2B24C007B868A /* AsakusaSatelliteSwiftClientExample */;
			targetProxy = EACFD2C61AA2B24C007B868A /* PBXContainerItemProxy */;
		};
/* End PBXTargetDependency section */

/* Begin PBXVariantGroup section */
		EACFD2BE1AA2B24C007B868A /* LaunchScreen.xib */ = {
			isa = PBXVariantGroup;
			children = (
				EACFD2BF1AA2B24C007B868A /* Base */,
			);
			name = LaunchScreen.xib;
			sourceTree = "<group>";
		};
/* End PBXVariantGroup section */

/* Begin XCBuildConfiguration section */
		EACFD2CD1AA2B24C007B868A /* Debug */ = {
			isa = XCBuildConfiguration;
			buildSettings = {
				ALWAYS_SEARCH_USER_PATHS = NO;
				CLANG_CXX_LANGUAGE_STANDARD = "gnu++0x";
				CLANG_CXX_LIBRARY = "libc++";
				CLANG_ENABLE_MODULES = YES;
				CLANG_ENABLE_OBJC_ARC = YES;
				CLANG_WARN_BOOL_CONVERSION = YES;
				CLANG_WARN_CONSTANT_CONVERSION = YES;
				CLANG_WARN_DIRECT_OBJC_ISA_USAGE = YES_ERROR;
				CLANG_WARN_EMPTY_BODY = YES;
				CLANG_WARN_ENUM_CONVERSION = YES;
				CLANG_WARN_INT_CONVERSION = YES;
				CLANG_WARN_OBJC_ROOT_CLASS = YES_ERROR;
				CLANG_WARN_UNREACHABLE_CODE = YES;
				CLANG_WARN__DUPLICATE_METHOD_MATCH = YES;
				"CODE_SIGN_IDENTITY[sdk=iphoneos*]" = "iPhone Developer";
				COPY_PHASE_STRIP = NO;
				ENABLE_BITCODE = NO;
				ENABLE_STRICT_OBJC_MSGSEND = YES;
				ENABLE_TESTABILITY = YES;
				GCC_C_LANGUAGE_STANDARD = gnu99;
				GCC_DYNAMIC_NO_PIC = NO;
				GCC_OPTIMIZATION_LEVEL = 0;
				GCC_PREPROCESSOR_DEFINITIONS = (
					"DEBUG=1",
					"$(inherited)",
				);
				GCC_SYMBOLS_PRIVATE_EXTERN = NO;
				GCC_WARN_64_TO_32_BIT_CONVERSION = YES;
				GCC_WARN_ABOUT_RETURN_TYPE = YES_ERROR;
				GCC_WARN_UNDECLARED_SELECTOR = YES;
				GCC_WARN_UNINITIALIZED_AUTOS = YES_AGGRESSIVE;
				GCC_WARN_UNUSED_FUNCTION = YES;
				GCC_WARN_UNUSED_VARIABLE = YES;
				IPHONEOS_DEPLOYMENT_TARGET = 8.0;
				MTL_ENABLE_DEBUG_INFO = YES;
				ONLY_ACTIVE_ARCH = YES;
				SDKROOT = iphoneos;
				SWIFT_OPTIMIZATION_LEVEL = "-Onone";
				TARGETED_DEVICE_FAMILY = "1,2";
			};
			name = Debug;
		};
		EACFD2CE1AA2B24C007B868A /* Release */ = {
			isa = XCBuildConfiguration;
			buildSettings = {
				ALWAYS_SEARCH_USER_PATHS = NO;
				CLANG_CXX_LANGUAGE_STANDARD = "gnu++0x";
				CLANG_CXX_LIBRARY = "libc++";
				CLANG_ENABLE_MODULES = YES;
				CLANG_ENABLE_OBJC_ARC = YES;
				CLANG_WARN_BOOL_CONVERSION = YES;
				CLANG_WARN_CONSTANT_CONVERSION = YES;
				CLANG_WARN_DIRECT_OBJC_ISA_USAGE = YES_ERROR;
				CLANG_WARN_EMPTY_BODY = YES;
				CLANG_WARN_ENUM_CONVERSION = YES;
				CLANG_WARN_INT_CONVERSION = YES;
				CLANG_WARN_OBJC_ROOT_CLASS = YES_ERROR;
				CLANG_WARN_UNREACHABLE_CODE = YES;
				CLANG_WARN__DUPLICATE_METHOD_MATCH = YES;
				"CODE_SIGN_IDENTITY[sdk=iphoneos*]" = "iPhone Developer";
				COPY_PHASE_STRIP = YES;
				ENABLE_BITCODE = NO;
				ENABLE_NS_ASSERTIONS = NO;
				ENABLE_STRICT_OBJC_MSGSEND = YES;
				GCC_C_LANGUAGE_STANDARD = gnu99;
				GCC_WARN_64_TO_32_BIT_CONVERSION = YES;
				GCC_WARN_ABOUT_RETURN_TYPE = YES_ERROR;
				GCC_WARN_UNDECLARED_SELECTOR = YES;
				GCC_WARN_UNINITIALIZED_AUTOS = YES_AGGRESSIVE;
				GCC_WARN_UNUSED_FUNCTION = YES;
				GCC_WARN_UNUSED_VARIABLE = YES;
				IPHONEOS_DEPLOYMENT_TARGET = 8.0;
				MTL_ENABLE_DEBUG_INFO = NO;
				SDKROOT = iphoneos;
				TARGETED_DEVICE_FAMILY = "1,2";
				VALIDATE_PRODUCT = YES;
			};
			name = Release;
		};
		EACFD2D01AA2B24C007B868A /* Debug */ = {
			isa = XCBuildConfiguration;
			baseConfigurationReference = DA8F3718884EA3638F6FCEC5 /* Pods.debug.xcconfig */;
			buildSettings = {
				ASSETCATALOG_COMPILER_APPICON_NAME = AppIcon;
				INFOPLIST_FILE = AsakusaSatelliteSwiftClientExample/Info.plist;
				LD_RUNPATH_SEARCH_PATHS = "$(inherited) @executable_path/Frameworks";
				PRODUCT_BUNDLE_IDENTIFIER = "org.codefirst.example.$(PRODUCT_NAME:rfc1034identifier)";
				PRODUCT_NAME = "$(TARGET_NAME)";
			};
			name = Debug;
		};
		EACFD2D11AA2B24C007B868A /* Release */ = {
			isa = XCBuildConfiguration;
			baseConfigurationReference = 935A45A83B7280E29CDD6A11 /* Pods.release.xcconfig */;
			buildSettings = {
				ASSETCATALOG_COMPILER_APPICON_NAME = AppIcon;
				INFOPLIST_FILE = AsakusaSatelliteSwiftClientExample/Info.plist;
				LD_RUNPATH_SEARCH_PATHS = "$(inherited) @executable_path/Frameworks";
				PRODUCT_BUNDLE_IDENTIFIER = "org.codefirst.example.$(PRODUCT_NAME:rfc1034identifier)";
				PRODUCT_NAME = "$(TARGET_NAME)";
			};
			name = Release;
		};
		EACFD2D31AA2B24C007B868A /* Debug */ = {
			isa = XCBuildConfiguration;
			baseConfigurationReference = EAE1AA531B5C917D002E9D25 /* Pods-AsakusaSatelliteSwiftClientExampleTests.debug.xcconfig */;
			buildSettings = {
				GCC_PREPROCESSOR_DEFINITIONS = (
					"DEBUG=1",
					"$(inherited)",
				);
				INFOPLIST_FILE = AsakusaSatelliteSwiftClientExampleTests/Info.plist;
				LD_RUNPATH_SEARCH_PATHS = "$(inherited) @executable_path/Frameworks @loader_path/Frameworks";
				PRODUCT_BUNDLE_IDENTIFIER = "org.codefirst.example.$(PRODUCT_NAME:rfc1034identifier)";
				PRODUCT_NAME = "$(TARGET_NAME)";
			};
			name = Debug;
		};
		EACFD2D41AA2B24C007B868A /* Release */ = {
			isa = XCBuildConfiguration;
			baseConfigurationReference = EAE1AA541B5C917D002E9D25 /* Pods-AsakusaSatelliteSwiftClientExampleTests.release.xcconfig */;
			buildSettings = {
				INFOPLIST_FILE = AsakusaSatelliteSwiftClientExampleTests/Info.plist;
				LD_RUNPATH_SEARCH_PATHS = "$(inherited) @executable_path/Frameworks @loader_path/Frameworks";
				PRODUCT_BUNDLE_IDENTIFIER = "org.codefirst.example.$(PRODUCT_NAME:rfc1034identifier)";
				PRODUCT_NAME = "$(TARGET_NAME)";
			};
			name = Release;
		};
/* End XCBuildConfiguration section */

/* Begin XCConfigurationList section */
		EACFD2AB1AA2B24C007B868A /* Build configuration list for PBXProject "AsakusaSatelliteSwiftClientExample" */ = {
			isa = XCConfigurationList;
			buildConfigurations = (
				EACFD2CD1AA2B24C007B868A /* Debug */,
				EACFD2CE1AA2B24C007B868A /* Release */,
			);
			defaultConfigurationIsVisible = 0;
			defaultConfigurationName = Release;
		};
		EACFD2CF1AA2B24C007B868A /* Build configuration list for PBXNativeTarget "AsakusaSatelliteSwiftClientExample" */ = {
			isa = XCConfigurationList;
			buildConfigurations = (
				EACFD2D01AA2B24C007B868A /* Debug */,
				EACFD2D11AA2B24C007B868A /* Release */,
			);
			defaultConfigurationIsVisible = 0;
			defaultConfigurationName = Release;
		};
		EACFD2D21AA2B24C007B868A /* Build configuration list for PBXNativeTarget "AsakusaSatelliteSwiftClientExampleTests" */ = {
			isa = XCConfigurationList;
			buildConfigurations = (
				EACFD2D31AA2B24C007B868A /* Debug */,
				EACFD2D41AA2B24C007B868A /* Release */,
			);
			defaultConfigurationIsVisible = 0;
			defaultConfigurationName = Release;
		};
/* End XCConfigurationList section */
	};
	rootObject = EACFD2A81AA2B24C007B868A /* Project object */;
}
